// !$*UTF8*$!
{
	archiveVersion = 1;
	classes = {
	};
	objectVersion = 46;
	objects = {

/* Begin PBXBuildFile section */
		F332562D1F3972240011449C /* SSPusherCore.h in Headers */ = {isa = PBXBuildFile; fileRef = F332562B1F3972240011449C /* SSPusherCore.h */; settings = {ATTRIBUTES = (Public, ); }; };
		F33256461F3972940011449C /* SSCertificate.swift in Sources */ = {isa = PBXBuildFile; fileRef = F33256411F3972940011449C /* SSCertificate.swift */; };
		F33256471F3972940011449C /* SSDataManager.swift in Sources */ = {isa = PBXBuildFile; fileRef = F33256421F3972940011449C /* SSDataManager.swift */; };
		F33256481F3972940011449C /* SSIdentityAndTrust.swift in Sources */ = {isa = PBXBuildFile; fileRef = F33256431F3972940011449C /* SSIdentityAndTrust.swift */; };
		F33256491F3972940011449C /* SSNetworkHelper.swift in Sources */ = {isa = PBXBuildFile; fileRef = F33256441F3972940011449C /* SSNetworkHelper.swift */; };
		F332564A1F3972940011449C /* SSPushNote.swift in Sources */ = {isa = PBXBuildFile; fileRef = F33256451F3972940011449C /* SSPushNote.swift */; };
		F379018C1F42BF0200F396C7 /* APNSError.swift in Sources */ = {isa = PBXBuildFile; fileRef = F379018B1F42BF0200F396C7 /* APNSError.swift */; };
/* End PBXBuildFile section */

/* Begin PBXFileReference section */
		F33256281F3972240011449C /* SSPusherCore.framework */ = {isa = PBXFileReference; explicitFileType = wrapper.framework; includeInIndex = 0; path = SSPusherCore.framework; sourceTree = BUILT_PRODUCTS_DIR; };
		F332562B1F3972240011449C /* SSPusherCore.h */ = {isa = PBXFileReference; lastKnownFileType = sourcecode.c.h; path = SSPusherCore.h; sourceTree = "<group>"; };
		F332562C1F3972240011449C /* Info.plist */ = {isa = PBXFileReference; lastKnownFileType = text.plist.xml; path = Info.plist; sourceTree = "<group>"; };
		F33256411F3972940011449C /* SSCertificate.swift */ = {isa = PBXFileReference; fileEncoding = 4; lastKnownFileType = sourcecode.swift; path = SSCertificate.swift; sourceTree = "<group>"; };
		F33256421F3972940011449C /* SSDataManager.swift */ = {isa = PBXFileReference; fileEncoding = 4; lastKnownFileType = sourcecode.swift; path = SSDataManager.swift; sourceTree = "<group>"; };
		F33256431F3972940011449C /* SSIdentityAndTrust.swift */ = {isa = PBXFileReference; fileEncoding = 4; lastKnownFileType = sourcecode.swift; path = SSIdentityAndTrust.swift; sourceTree = "<group>"; };
		F33256441F3972940011449C /* SSNetworkHelper.swift */ = {isa = PBXFileReference; fileEncoding = 4; lastKnownFileType = sourcecode.swift; path = SSNetworkHelper.swift; sourceTree = "<group>"; };
		F33256451F3972940011449C /* SSPushNote.swift */ = {isa = PBXFileReference; fileEncoding = 4; lastKnownFileType = sourcecode.swift; path = SSPushNote.swift; sourceTree = "<group>"; };
		F379018B1F42BF0200F396C7 /* APNSError.swift */ = {isa = PBXFileReference; fileEncoding = 4; lastKnownFileType = sourcecode.swift; path = APNSError.swift; sourceTree = "<group>"; };
/* End PBXFileReference section */

/* Begin PBXFrameworksBuildPhase section */
		F33256241F3972240011449C /* Frameworks */ = {
			isa = PBXFrameworksBuildPhase;
			buildActionMask = 2147483647;
			files = (
			);
			runOnlyForDeploymentPostprocessing = 0;
		};
/* End PBXFrameworksBuildPhase section */

/* Begin PBXGroup section */
		F332561E1F3972240011449C = {
			isa = PBXGroup;
			children = (
				F332562A1F3972240011449C /* SSPusherCore */,
				F33256291F3972240011449C /* Products */,
			);
			sourceTree = "<group>";
		};
		F33256291F3972240011449C /* Products */ = {
			isa = PBXGroup;
			children = (
				F33256281F3972240011449C /* SSPusherCore.framework */,
			);
			name = Products;
			sourceTree = "<group>";
		};
		F332562A1F3972240011449C /* SSPusherCore */ = {
			isa = PBXGroup;
			children = (
				F33256401F3972940011449C /* Core */,
				F332562B1F3972240011449C /* SSPusherCore.h */,
				F332562C1F3972240011449C /* Info.plist */,
			);
			path = SSPusherCore;
			sourceTree = "<group>";
		};
		F33256401F3972940011449C /* Core */ = {
			isa = PBXGroup;
			children = (
				F33256411F3972940011449C /* SSCertificate.swift */,
				F33256421F3972940011449C /* SSDataManager.swift */,
				F33256431F3972940011449C /* SSIdentityAndTrust.swift */,
				F33256441F3972940011449C /* SSNetworkHelper.swift */,
				F33256451F3972940011449C /* SSPushNote.swift */,
				F379018B1F42BF0200F396C7 /* APNSError.swift */,
			);
			path = Core;
			sourceTree = "<group>";
		};
/* End PBXGroup section */

/* Begin PBXHeadersBuildPhase section */
		F33256251F3972240011449C /* Headers */ = {
			isa = PBXHeadersBuildPhase;
			buildActionMask = 2147483647;
			files = (
				F332562D1F3972240011449C /* SSPusherCore.h in Headers */,
			);
			runOnlyForDeploymentPostprocessing = 0;
		};
/* End PBXHeadersBuildPhase section */

/* Begin PBXNativeTarget section */
		F33256271F3972240011449C /* SSPusherCore */ = {
			isa = PBXNativeTarget;
			buildConfigurationList = F33256301F3972240011449C /* Build configuration list for PBXNativeTarget "SSPusherCore" */;
			buildPhases = (
				F33256231F3972240011449C /* Sources */,
				F33256241F3972240011449C /* Frameworks */,
				F33256251F3972240011449C /* Headers */,
				F33256261F3972240011449C /* Resources */,
			);
			buildRules = (
			);
			dependencies = (
			);
			name = SSPusherCore;
			productName = SSPusherCore;
			productReference = F33256281F3972240011449C /* SSPusherCore.framework */;
			productType = "com.apple.product-type.framework";
		};
/* End PBXNativeTarget section */

/* Begin PBXProject section */
		F332561F1F3972240011449C /* Project object */ = {
			isa = PBXProject;
			attributes = {
				LastUpgradeCheck = 0820;
				ORGANIZATIONNAME = Subbhaash;
				TargetAttributes = {
					F33256271F3972240011449C = {
						CreatedOnToolsVersion = 8.2.1;
						ProvisioningStyle = Automatic;
					};
				};
			};
			buildConfigurationList = F33256221F3972240011449C /* Build configuration list for PBXProject "SSPusherCore" */;
			compatibilityVersion = "Xcode 3.2";
			developmentRegion = English;
			hasScannedForEncodings = 0;
			knownRegions = (
				en,
			);
			mainGroup = F332561E1F3972240011449C;
			productRefGroup = F33256291F3972240011449C /* Products */;
			projectDirPath = "";
			projectRoot = "";
			targets = (
				F33256271F3972240011449C /* SSPusherCore */,
			);
		};
/* End PBXProject section */

/* Begin PBXResourcesBuildPhase section */
		F33256261F3972240011449C /* Resources */ = {
			isa = PBXResourcesBuildPhase;
			buildActionMask = 2147483647;
			files = (
			);
			runOnlyForDeploymentPostprocessing = 0;
		};
/* End PBXResourcesBuildPhase section */

/* Begin PBXSourcesBuildPhase section */
		F33256231F3972240011449C /* Sources */ = {
			isa = PBXSourcesBuildPhase;
			buildActionMask = 2147483647;
			files = (
				F379018C1F42BF0200F396C7 /* APNSError.swift in Sources */,
				F332564A1F3972940011449C /* SSPushNote.swift in Sources */,
				F33256491F3972940011449C /* SSNetworkHelper.swift in Sources */,
				F33256461F3972940011449C /* SSCertificate.swift in Sources */,
				F33256481F3972940011449C /* SSIdentityAndTrust.swift in Sources */,
				F33256471F3972940011449C /* SSDataManager.swift in Sources */,
			);
			runOnlyForDeploymentPostprocessing = 0;
		};
/* End PBXSourcesBuildPhase section */

/* Begin XCBuildConfiguration section */
		F332562E1F3972240011449C /* Debug */ = {
			isa = XCBuildConfiguration;
			buildSettings = {
				ALWAYS_SEARCH_USER_PATHS = NO;
				CLANG_ANALYZER_NONNULL = YES;
				CLANG_CXX_LANGUAGE_STANDARD = "gnu++0x";
				CLANG_CXX_LIBRARY = "libc++";
				CLANG_ENABLE_MODULES = YES;
				CLANG_ENABLE_OBJC_ARC = YES;
				CLANG_WARN_BOOL_CONVERSION = YES;
				CLANG_WARN_CONSTANT_CONVERSION = YES;
				CLANG_WARN_DIRECT_OBJC_ISA_USAGE = YES_ERROR;
				CLANG_WARN_DOCUMENTATION_COMMENTS = YES;
				CLANG_WARN_EMPTY_BODY = YES;
				CLANG_WARN_ENUM_CONVERSION = YES;
				CLANG_WARN_INFINITE_RECURSION = YES;
				CLANG_WARN_INT_CONVERSION = YES;
				CLANG_WARN_OBJC_ROOT_CLASS = YES_ERROR;
				CLANG_WARN_SUSPICIOUS_MOVE = YES;
				CLANG_WARN_UNREACHABLE_CODE = YES;
				CLANG_WARN__DUPLICATE_METHOD_MATCH = YES;
				CODE_SIGN_IDENTITY = "-";
				COPY_PHASE_STRIP = NO;
				CURRENT_PROJECT_VERSION = 1;
				DEBUG_INFORMATION_FORMAT = dwarf;
				ENABLE_STRICT_OBJC_MSGSEND = YES;
				ENABLE_TESTABILITY = YES;
				GCC_C_LANGUAGE_STANDARD = gnu99;
				GCC_DYNAMIC_NO_PIC = NO;
				GCC_NO_COMMON_BLOCKS = YES;
				GCC_OPTIMIZATION_LEVEL = 0;
				GCC_PREPROCESSOR_DEFINITIONS = (
					"DEBUG=1",
					"$(inherited)",
				);
				GCC_WARN_64_TO_32_BIT_CONVERSION = YES;
				GCC_WARN_ABOUT_RETURN_TYPE = YES_ERROR;
				GCC_WARN_UNDECLARED_SELECTOR = YES;
				GCC_WARN_UNINITIALIZED_AUTOS = YES_AGGRESSIVE;
				GCC_WARN_UNUSED_FUNCTION = YES;
				GCC_WARN_UNUSED_VARIABLE = YES;
				MACOSX_DEPLOYMENT_TARGET = 10.12;
				MTL_ENABLE_DEBUG_INFO = YES;
				ONLY_ACTIVE_ARCH = YES;
				SDKROOT = macosx;
				SWIFT_ACTIVE_COMPILATION_CONDITIONS = DEBUG;
				SWIFT_OPTIMIZATION_LEVEL = "-Onone";
				VERSIONING_SYSTEM = "apple-generic";
				VERSION_INFO_PREFIX = "";
			};
			name = Debug;
		};
		F332562F1F3972240011449C /* Release */ = {
			isa = XCBuildConfiguration;
			buildSettings = {
				ALWAYS_SEARCH_USER_PATHS = NO;
				CLANG_ANALYZER_NONNULL = YES;
				CLANG_CXX_LANGUAGE_STANDARD = "gnu++0x";
				CLANG_CXX_LIBRARY = "libc++";
				CLANG_ENABLE_MODULES = YES;
				CLANG_ENABLE_OBJC_ARC = YES;
				CLANG_WARN_BOOL_CONVERSION = YES;
				CLANG_WARN_CONSTANT_CONVERSION = YES;
				CLANG_WARN_DIRECT_OBJC_ISA_USAGE = YES_ERROR;
				CLANG_WARN_DOCUMENTATION_COMMENTS = YES;
				CLANG_WARN_EMPTY_BODY = YES;
				CLANG_WARN_ENUM_CONVERSION = YES;
				CLANG_WARN_INFINITE_RECURSION = YES;
				CLANG_WARN_INT_CONVERSION = YES;
				CLANG_WARN_OBJC_ROOT_CLASS = YES_ERROR;
				CLANG_WARN_SUSPICIOUS_MOVE = YES;
				CLANG_WARN_UNREACHABLE_CODE = YES;
				CLANG_WARN__DUPLICATE_METHOD_MATCH = YES;
				CODE_SIGN_IDENTITY = "-";
				COPY_PHASE_STRIP = NO;
				CURRENT_PROJECT_VERSION = 1;
				DEBUG_INFORMATION_FORMAT = "dwarf-with-dsym";
				ENABLE_NS_ASSERTIONS = NO;
				ENABLE_STRICT_OBJC_MSGSEND = YES;
				GCC_C_LANGUAGE_STANDARD = gnu99;
				GCC_NO_COMMON_BLOCKS = YES;
				GCC_WARN_64_TO_32_BIT_CONVERSION = YES;
				GCC_WARN_ABOUT_RETURN_TYPE = YES_ERROR;
				GCC_WARN_UNDECLARED_SELECTOR = YES;
				GCC_WARN_UNINITIALIZED_AUTOS = YES_AGGRESSIVE;
				GCC_WARN_UNUSED_FUNCTION = YES;
				GCC_WARN_UNUSED_VARIABLE = YES;
				MACOSX_DEPLOYMENT_TARGET = 10.12;
				MTL_ENABLE_DEBUG_INFO = NO;
				SDKROOT = macosx;
				SWIFT_OPTIMIZATION_LEVEL = "-Owholemodule";
				VERSIONING_SYSTEM = "apple-generic";
				VERSION_INFO_PREFIX = "";
			};
			name = Release;
		};
		F33256311F3972240011449C /* Debug */ = {
			isa = XCBuildConfiguration;
			buildSettings = {
				CODE_SIGN_IDENTITY = "";
				COMBINE_HIDPI_IMAGES = YES;
				DEFINES_MODULE = YES;
				DYLIB_COMPATIBILITY_VERSION = 1;
				DYLIB_CURRENT_VERSION = 1;
				DYLIB_INSTALL_NAME_BASE = "@rpath";
				FRAMEWORK_VERSION = A;
				INFOPLIST_FILE = SSPusherCore/Info.plist;
				INSTALL_PATH = "$(LOCAL_LIBRARY_DIR)/Frameworks";
				LD_RUNPATH_SEARCH_PATHS = "$(inherited) @executable_path/../Frameworks @loader_path/Frameworks";
				MACOSX_DEPLOYMENT_TARGET = 10.11;
				PRODUCT_BUNDLE_IDENTIFIER = Subbhaash.SSPusherCore;
				PRODUCT_NAME = "$(TARGET_NAME)";
				SKIP_INSTALL = YES;
				SWIFT_VERSION = 3.0;
			};
			name = Debug;
		};
		F33256321F3972240011449C /* Release */ = {
			isa = XCBuildConfiguration;
			buildSettings = {
				CODE_SIGN_IDENTITY = "";
				COMBINE_HIDPI_IMAGES = YES;
				DEFINES_MODULE = YES;
				DYLIB_COMPATIBILITY_VERSION = 1;
				DYLIB_CURRENT_VERSION = 1;
				DYLIB_INSTALL_NAME_BASE = "@rpath";
				FRAMEWORK_VERSION = A;
				INFOPLIST_FILE = SSPusherCore/Info.plist;
				INSTALL_PATH = "$(LOCAL_LIBRARY_DIR)/Frameworks";
				LD_RUNPATH_SEARCH_PATHS = "$(inherited) @executable_path/../Frameworks @loader_path/Frameworks";
				MACOSX_DEPLOYMENT_TARGET = 10.11;
				PRODUCT_BUNDLE_IDENTIFIER = Subbhaash.SSPusherCore;
				PRODUCT_NAME = "$(TARGET_NAME)";
				SKIP_INSTALL = YES;
				SWIFT_VERSION = 3.0;
			};
			name = Release;
		};
/* End XCBuildConfiguration section */

/* Begin XCConfigurationList section */
		F33256221F3972240011449C /* Build configuration list for PBXProject "SSPusherCore" */ = {
			isa = XCConfigurationList;
			buildConfigurations = (
				F332562E1F3972240011449C /* Debug */,
				F332562F1F3972240011449C /* Release */,
			);
			defaultConfigurationIsVisible = 0;
			defaultConfigurationName = Release;
		};
		F33256301F3972240011449C /* Build configuration list for PBXNativeTarget "SSPusherCore" */ = {
			isa = XCConfigurationList;
			buildConfigurations = (
				F33256311F3972240011449C /* Debug */,
				F33256321F3972240011449C /* Release */,
			);
			defaultConfigurationIsVisible = 0;
			defaultConfigurationName = Release;
		};
/* End XCConfigurationList section */
	};
	rootObject = F332561F1F3972240011449C /* Project object */;
}
